
Microsoft Visual Studio Solution File, Format Version 12.00
# Visual Studio Version 17
VisualStudioVersion = 17.7.34031.279
MinimumVisualStudioVersion = 10.0.40219.1
Project("{FAE04EC0-301F-11D3-BF4B-00C04F79EFBC}") = "Test_API", "Test_API.csproj", "{DF495839-C825-41C1-A7F0-51948A4CD740}"
EndProject
Global
	GlobalSection(SolutionConfigurationPlatforms) = preSolution
		Debug|Any CPU = Debug|Any CPU
		Release|Any CPU = Release|Any CPU
	EndGlobalSection
	GlobalSection(ProjectConfigurationPlatforms) = postSolution
		{DF495839-C825-41C1-A7F0-51948A4CD740}.Debug|Any CPU.ActiveCfg = Debug|Any CPU
		{DF495839-C825-41C1-A7F0-51948A4CD740}.Debug|Any CPU.Build.0 = Debug|Any CPU
		{DF495839-C825-41C1-A7F0-51948A4CD740}.Release|Any CPU.ActiveCfg = Release|Any CPU
		{DF495839-C825-41C1-A7F0-51948A4CD740}.Release|Any CPU.Build.0 = Release|Any CPU
	EndGlobalSection
	GlobalSection(SolutionProperties) = preSolution
		HideSolutionNode = FALSE
	EndGlobalSection
	GlobalSection(ExtensibilityGlobals) = postSolution
		SolutionGuid = {85713CF6-CEC3-4B4C-8F43-86090DE48262}
	EndGlobalSection
EndGlobal
